
Microsoft Visual Studio Solution File, Format Version 12.00
# Visual Studio Version 16
VisualStudioVersion = 16.0.31424.327
MinimumVisualStudioVersion = 10.0.40219.1
Project("{FAE04EC0-301F-11D3-BF4B-00C04F79EFBC}") = "WelcomeToCsharp", "WelcomeToCsharp\WelcomeToCsharp.csproj", "{7E7307C6-4781-4B76-BEE6-BFC507F674BC}"
EndProject
Global
	GlobalSection(SolutionConfigurationPlatforms) = preSolution
		Debug|Any CPU = Debug|Any CPU
		Release|Any CPU = Release|Any CPU
	EndGlobalSection
	GlobalSection(ProjectConfigurationPlatforms) = postSolution
		{7E7307C6-4781-4B76-BEE6-BFC507F674BC}.Debug|Any CPU.ActiveCfg = Debug|Any CPU
		{7E7307C6-4781-4B76-BEE6-BFC507F674BC}.Debug|Any CPU.Build.0 = Debug|Any CPU
		{7E7307C6-4781-4B76-BEE6-BFC507F674BC}.Release|Any CPU.ActiveCfg = Release|Any CPU
		{7E7307C6-4781-4B76-BEE6-BFC507F674BC}.Release|Any CPU.Build.0 = Release|Any CPU
	EndGlobalSection
	GlobalSection(SolutionProperties) = preSolution
		HideSolutionNode = FALSE
	EndGlobalSection
	GlobalSection(ExtensibilityGlobals) = postSolution
		SolutionGuid = {770451B6-918B-4CF2-B009-9A43CEA77659}
	EndGlobalSection
EndGlobal
