
Microsoft Visual Studio Solution File, Format Version 12.00
# Visual Studio Version 17
VisualStudioVersion = 17.2.32516.85
MinimumVisualStudioVersion = 10.0.40219.1
Project("{FAE04EC0-301F-11D3-BF4B-00C04F79EFBC}") = "Abstraction", "Abstraction\Abstraction.csproj", "{B7CB38E1-2CBD-4245-BFEA-E9B409C3155B}"
EndProject
Global
	GlobalSection(SolutionConfigurationPlatforms) = preSolution
		Debug|Any CPU = Debug|Any CPU
		Release|Any CPU = Release|Any CPU
	EndGlobalSection
	GlobalSection(ProjectConfigurationPlatforms) = postSolution
		{B7CB38E1-2CBD-4245-BFEA-E9B409C3155B}.Debug|Any CPU.ActiveCfg = Debug|Any CPU
		{B7CB38E1-2CBD-4245-BFEA-E9B409C3155B}.Debug|Any CPU.Build.0 = Debug|Any CPU
		{B7CB38E1-2CBD-4245-BFEA-E9B409C3155B}.Release|Any CPU.ActiveCfg = Release|Any CPU
		{B7CB38E1-2CBD-4245-BFEA-E9B409C3155B}.Release|Any CPU.Build.0 = Release|Any CPU
	EndGlobalSection
	GlobalSection(SolutionProperties) = preSolution
		HideSolutionNode = FALSE
	EndGlobalSection
	GlobalSection(ExtensibilityGlobals) = postSolution
		SolutionGuid = {261AB748-C865-4BDF-9F2E-8A681DEA5186}
	EndGlobalSection
EndGlobal
