
Microsoft Visual Studio Solution File, Format Version 12.00
# Visual Studio Version 17
VisualStudioVersion = 17.2.32516.85
MinimumVisualStudioVersion = 10.0.40219.1
Project("{FAE04EC0-301F-11D3-BF4B-00C04F79EFBC}") = "ClassesDemo", "ClassesDemo\ClassesDemo.csproj", "{DE78A9E9-3741-4380-B5BA-0B9A4DD84C6A}"
EndProject
Global
	GlobalSection(SolutionConfigurationPlatforms) = preSolution
		Debug|Any CPU = Debug|Any CPU
		Release|Any CPU = Release|Any CPU
	EndGlobalSection
	GlobalSection(ProjectConfigurationPlatforms) = postSolution
		{DE78A9E9-3741-4380-B5BA-0B9A4DD84C6A}.Debug|Any CPU.ActiveCfg = Debug|Any CPU
		{DE78A9E9-3741-4380-B5BA-0B9A4DD84C6A}.Debug|Any CPU.Build.0 = Debug|Any CPU
		{DE78A9E9-3741-4380-B5BA-0B9A4DD84C6A}.Release|Any CPU.ActiveCfg = Release|Any CPU
		{DE78A9E9-3741-4380-B5BA-0B9A4DD84C6A}.Release|Any CPU.Build.0 = Release|Any CPU
	EndGlobalSection
	GlobalSection(SolutionProperties) = preSolution
		HideSolutionNode = FALSE
	EndGlobalSection
	GlobalSection(ExtensibilityGlobals) = postSolution
		SolutionGuid = {300C77C6-8706-487C-8A1C-86FCC74E6071}
	EndGlobalSection
EndGlobal
