
Microsoft Visual Studio Solution File, Format Version 12.00
# Visual Studio Version 17
VisualStudioVersion = 17.2.32516.85
MinimumVisualStudioVersion = 10.0.40219.1
Project("{FAE04EC0-301F-11D3-BF4B-00C04F79EFBC}") = "FileIO", "FileIO\FileIO.csproj", "{7E7D3D36-7DCC-4D8E-9406-AD621AD3CD4F}"
EndProject
Global
	GlobalSection(SolutionConfigurationPlatforms) = preSolution
		Debug|Any CPU = Debug|Any CPU
		Release|Any CPU = Release|Any CPU
	EndGlobalSection
	GlobalSection(ProjectConfigurationPlatforms) = postSolution
		{7E7D3D36-7DCC-4D8E-9406-AD621AD3CD4F}.Debug|Any CPU.ActiveCfg = Debug|Any CPU
		{7E7D3D36-7DCC-4D8E-9406-AD621AD3CD4F}.Debug|Any CPU.Build.0 = Debug|Any CPU
		{7E7D3D36-7DCC-4D8E-9406-AD621AD3CD4F}.Release|Any CPU.ActiveCfg = Release|Any CPU
		{7E7D3D36-7DCC-4D8E-9406-AD621AD3CD4F}.Release|Any CPU.Build.0 = Release|Any CPU
	EndGlobalSection
	GlobalSection(SolutionProperties) = preSolution
		HideSolutionNode = FALSE
	EndGlobalSection
	GlobalSection(ExtensibilityGlobals) = postSolution
		SolutionGuid = {C13D42E6-8EEF-4D08-9503-60B6A2A46907}
	EndGlobalSection
EndGlobal
