
Microsoft Visual Studio Solution File, Format Version 12.00
# Visual Studio Version 17
VisualStudioVersion = 17.2.32516.85
MinimumVisualStudioVersion = 10.0.40219.1
Project("{FAE04EC0-301F-11D3-BF4B-00C04F79EFBC}") = "FizBuzz", "FizBuzz\FizBuzz.csproj", "{94F294A7-0B3C-4177-ABBA-124B5F814D4C}"
EndProject
Project("{FAE04EC0-301F-11D3-BF4B-00C04F79EFBC}") = "FizzBuzzTests", "FizzBuzzTests\FizzBuzzTests.csproj", "{C1C1E463-852D-4EE7-AC82-56138BE2B72A}"
EndProject
Global
	GlobalSection(SolutionConfigurationPlatforms) = preSolution
		Debug|Any CPU = Debug|Any CPU
		Release|Any CPU = Release|Any CPU
	EndGlobalSection
	GlobalSection(ProjectConfigurationPlatforms) = postSolution
		{94F294A7-0B3C-4177-ABBA-124B5F814D4C}.Debug|Any CPU.ActiveCfg = Debug|Any CPU
		{94F294A7-0B3C-4177-ABBA-124B5F814D4C}.Debug|Any CPU.Build.0 = Debug|Any CPU
		{94F294A7-0B3C-4177-ABBA-124B5F814D4C}.Release|Any CPU.ActiveCfg = Release|Any CPU
		{94F294A7-0B3C-4177-ABBA-124B5F814D4C}.Release|Any CPU.Build.0 = Release|Any CPU
		{C1C1E463-852D-4EE7-AC82-56138BE2B72A}.Debug|Any CPU.ActiveCfg = Debug|Any CPU
		{C1C1E463-852D-4EE7-AC82-56138BE2B72A}.Debug|Any CPU.Build.0 = Debug|Any CPU
		{C1C1E463-852D-4EE7-AC82-56138BE2B72A}.Release|Any CPU.ActiveCfg = Release|Any CPU
		{C1C1E463-852D-4EE7-AC82-56138BE2B72A}.Release|Any CPU.Build.0 = Release|Any CPU
	EndGlobalSection
	GlobalSection(SolutionProperties) = preSolution
		HideSolutionNode = FALSE
	EndGlobalSection
	GlobalSection(ExtensibilityGlobals) = postSolution
		SolutionGuid = {E0A89094-99AD-4014-A762-6CC2555B645D}
	EndGlobalSection
EndGlobal
